
Microsoft Visual Studio Solution File, Format Version 12.00
# Visual Studio Version 16
VisualStudioVersion = 16.0.31624.102
MinimumVisualStudioVersion = 10.0.40219.1
Project("{9A19103F-16F7-4668-BE54-9A1E7A4F7556}") = "VeroneziVendas.WinForm", "VeroneziVendas.WinForm\VeroneziVendas.WinForm.csproj", "{67CD233C-9669-491F-A1DE-C41D91C6B686}"
EndProject
Project("{9A19103F-16F7-4668-BE54-9A1E7A4F7556}") = "VeroneziVendas.Domain", "VeroneziVendas.Domain\VeroneziVendas.Domain.csproj", "{3A729E51-6AF0-4794-836C-720A232D83CB}"
EndProject
Project("{9A19103F-16F7-4668-BE54-9A1E7A4F7556}") = "VeroneziVendas.Domain.Test", "VeroneziVendas.Domain.Test\VeroneziVendas.Domain.Test.csproj", "{C782E191-1507-44DF-94DF-C4A1ADCC7D39}"
EndProject
Project("{9A19103F-16F7-4668-BE54-9A1E7A4F7556}") = "VeroneziVendas.Application", "VeroneziVendas.Application\VeroneziVendas.Application.csproj", "{5ECB4B43-FB58-42B0-AB27-22C99A04AAEA}"
EndProject
Project("{FAE04EC0-301F-11D3-BF4B-00C04F79EFBC}") = "VeroneziVendas.Domain.Helper", "VeroneziVendas.Domain.Helper\VeroneziVendas.Domain.Helper.csproj", "{1F9A9E48-2794-4F6B-8396-95080507FF6A}"
EndProject
Global
	GlobalSection(SolutionConfigurationPlatforms) = preSolution
		Debug|Any CPU = Debug|Any CPU
		Release|Any CPU = Release|Any CPU
	EndGlobalSection
	GlobalSection(ProjectConfigurationPlatforms) = postSolution
		{67CD233C-9669-491F-A1DE-C41D91C6B686}.Debug|Any CPU.ActiveCfg = Debug|Any CPU
		{67CD233C-9669-491F-A1DE-C41D91C6B686}.Debug|Any CPU.Build.0 = Debug|Any CPU
		{67CD233C-9669-491F-A1DE-C41D91C6B686}.Release|Any CPU.ActiveCfg = Release|Any CPU
		{67CD233C-9669-491F-A1DE-C41D91C6B686}.Release|Any CPU.Build.0 = Release|Any CPU
		{3A729E51-6AF0-4794-836C-720A232D83CB}.Debug|Any CPU.ActiveCfg = Debug|Any CPU
		{3A729E51-6AF0-4794-836C-720A232D83CB}.Debug|Any CPU.Build.0 = Debug|Any CPU
		{3A729E51-6AF0-4794-836C-720A232D83CB}.Release|Any CPU.ActiveCfg = Release|Any CPU
		{3A729E51-6AF0-4794-836C-720A232D83CB}.Release|Any CPU.Build.0 = Release|Any CPU
		{C782E191-1507-44DF-94DF-C4A1ADCC7D39}.Debug|Any CPU.ActiveCfg = Debug|Any CPU
		{C782E191-1507-44DF-94DF-C4A1ADCC7D39}.Debug|Any CPU.Build.0 = Debug|Any CPU
		{C782E191-1507-44DF-94DF-C4A1ADCC7D39}.Release|Any CPU.ActiveCfg = Release|Any CPU
		{C782E191-1507-44DF-94DF-C4A1ADCC7D39}.Release|Any CPU.Build.0 = Release|Any CPU
		{5ECB4B43-FB58-42B0-AB27-22C99A04AAEA}.Debug|Any CPU.ActiveCfg = Debug|Any CPU
		{5ECB4B43-FB58-42B0-AB27-22C99A04AAEA}.Debug|Any CPU.Build.0 = Debug|Any CPU
		{5ECB4B43-FB58-42B0-AB27-22C99A04AAEA}.Release|Any CPU.ActiveCfg = Release|Any CPU
		{5ECB4B43-FB58-42B0-AB27-22C99A04AAEA}.Release|Any CPU.Build.0 = Release|Any CPU
		{1F9A9E48-2794-4F6B-8396-95080507FF6A}.Debug|Any CPU.ActiveCfg = Debug|Any CPU
		{1F9A9E48-2794-4F6B-8396-95080507FF6A}.Debug|Any CPU.Build.0 = Debug|Any CPU
		{1F9A9E48-2794-4F6B-8396-95080507FF6A}.Release|Any CPU.ActiveCfg = Release|Any CPU
		{1F9A9E48-2794-4F6B-8396-95080507FF6A}.Release|Any CPU.Build.0 = Release|Any CPU
	EndGlobalSection
	GlobalSection(SolutionProperties) = preSolution
		HideSolutionNode = FALSE
	EndGlobalSection
	GlobalSection(ExtensibilityGlobals) = postSolution
		SolutionGuid = {650137EF-5F01-4A81-970B-2B0BEB77A9F6}
	EndGlobalSection
EndGlobal
